// !$*UTF8*$!
{
	archiveVersion = 1;
	classes = {
	};
	objectVersion = 77;
	objects = {

/* Begin PBXContainerItemProxy section */
		C9D7E0E82D31CB0F00240663 /* PBXContainerItemProxy */ = {
			isa = PBXContainerItemProxy;
			containerPortal = C9D7E0CF2D31CB0E00240663 /* Project object */;
			proxyType = 1;
			remoteGlobalIDString = C9D7E0D62D31CB0E00240663;
			remoteInfo = oftheday;
		};
		C9D7E0F22D31CB0F00240663 /* PBXContainerItemProxy */ = {
			isa = PBXContainerItemProxy;
			containerPortal = C9D7E0CF2D31CB0E00240663 /* Project object */;
			proxyType = 1;
			remoteGlobalIDString = C9D7E0D62D31CB0E00240663;
			remoteInfo = oftheday;
		};
/* End PBXContainerItemProxy section */

/* Begin PBXFileReference section */
		C9D7E0D72D31CB0E00240663 /* oftheday.app */ = {isa = PBXFileReference; explicitFileType = wrapper.application; includeInIndex = 0; path = oftheday.app; sourceTree = BUILT_PRODUCTS_DIR; };
		C9D7E0E72D31CB0F00240663 /* ofthedayTests.xctest */ = {isa = PBXFileReference; explicitFileType = wrapper.cfbundle; includeInIndex = 0; path = ofthedayTests.xctest; sourceTree = BUILT_PRODUCTS_DIR; };
		C9D7E0F12D31CB0F00240663 /* ofthedayUITests.xctest */ = {isa = PBXFileReference; explicitFileType = wrapper.cfbundle; includeInIndex = 0; path = ofthedayUITests.xctest; sourceTree = BUILT_PRODUCTS_DIR; };
/* End PBXFileReference section */

/* Begin PBXFileSystemSynchronizedBuildFileExceptionSet section */
		C9C44C9B2D40589E00F58C54 /* Exceptions for "oftheday" folder in "oftheday" target */ = {
			isa = PBXFileSystemSynchronizedBuildFileExceptionSet;
			membershipExceptions = (
				Info.plist,
			);
			target = C9D7E0D62D31CB0E00240663 /* oftheday */;
		};
/* End PBXFileSystemSynchronizedBuildFileExceptionSet section */

/* Begin PBXFileSystemSynchronizedRootGroup section */
		C9D7E0D92D31CB0E00240663 /* oftheday */ = {
			isa = PBXFileSystemSynchronizedRootGroup;
			exceptions = (
				C9C44C9B2D40589E00F58C54 /* Exceptions for "oftheday" folder in "oftheday" target */,
			);
			path = oftheday;
			sourceTree = "<group>";
		};
		C9D7E0EA2D31CB0F00240663 /* ofthedayTests */ = {
			isa = PBXFileSystemSynchronizedRootGroup;
			path = ofthedayTests;
			sourceTree = "<group>";
		};
		C9D7E0F42D31CB0F00240663 /* ofthedayUITests */ = {
			isa = PBXFileSystemSynchronizedRootGroup;
			path = ofthedayUITests;
			sourceTree = "<group>";
		};
/* End PBXFileSystemSynchronizedRootGroup section */

/* Begin PBXFrameworksBuildPhase section */
		C9D7E0D42D31CB0E00240663 /* Frameworks */ = {
			isa = PBXFrameworksBuildPhase;
			buildActionMask = 2147483647;
			files = (
			);
			runOnlyForDeploymentPostprocessing = 0;
		};
		C9D7E0E42D31CB0F00240663 /* Frameworks */ = {
			isa = PBXFrameworksBuildPhase;
			buildActionMask = 2147483647;
			files = (
			);
			runOnlyForDeploymentPostprocessing = 0;
		};
		C9D7E0EE2D31CB0F00240663 /* Frameworks */ = {
			isa = PBXFrameworksBuildPhase;
			buildActionMask = 2147483647;
			files = (
			);
			runOnlyForDeploymentPostprocessing = 0;
		};
/* End PBXFrameworksBuildPhase section */

/* Begin PBXGroup section */
		C9D7E0CE2D31CB0E00240663 = {
			isa = PBXGroup;
			children = (
				C9D7E0D92D31CB0E00240663 /* oftheday */,
				C9D7E0EA2D31CB0F00240663 /* ofthedayTests */,
				C9D7E0F42D31CB0F00240663 /* ofthedayUITests */,
				C9D7E0D82D31CB0E00240663 /* Products */,
			);
			sourceTree = "<group>";
		};
		C9D7E0D82D31CB0E00240663 /* Products */ = {
			isa = PBXGroup;
			children = (
				C9D7E0D72D31CB0E00240663 /* oftheday.app */,
				C9D7E0E72D31CB0F00240663 /* ofthedayTests.xctest */,
				C9D7E0F12D31CB0F00240663 /* ofthedayUITests.xctest */,
			);
			name = Products;
			sourceTree = "<group>";
		};
/* End PBXGroup section */

/* Begin PBXNativeTarget section */
		C9D7E0D62D31CB0E00240663 /* oftheday */ = {
			isa = PBXNativeTarget;
			buildConfigurationList = C9D7E0FB2D31CB0F00240663 /* Build configuration list for PBXNativeTarget "oftheday" */;
			buildPhases = (
				C9D7E0D32D31CB0E00240663 /* Sources */,
				C9D7E0D42D31CB0E00240663 /* Frameworks */,
				C9D7E0D52D31CB0E00240663 /* Resources */,
			);
			buildRules = (
			);
			dependencies = (
			);
			fileSystemSynchronizedGroups = (
				C9D7E0D92D31CB0E00240663 /* oftheday */,
			);
			name = oftheday;
			packageProductDependencies = (
			);
			productName = oftheday;
			productReference = C9D7E0D72D31CB0E00240663 /* oftheday.app */;
			productType = "com.apple.product-type.application";
		};
		C9D7E0E62D31CB0F00240663 /* ofthedayTests */ = {
			isa = PBXNativeTarget;
			buildConfigurationList = C9D7E0FE2D31CB0F00240663 /* Build configuration list for PBXNativeTarget "ofthedayTests" */;
			buildPhases = (
				C9D7E0E32D31CB0F00240663 /* Sources */,
				C9D7E0E42D31CB0F00240663 /* Frameworks */,
				C9D7E0E52D31CB0F00240663 /* Resources */,
			);
			buildRules = (
			);
			dependencies = (
				C9D7E0E92D31CB0F00240663 /* PBXTargetDependency */,
			);
			fileSystemSynchronizedGroups = (
				C9D7E0EA2D31CB0F00240663 /* ofthedayTests */,
			);
			name = ofthedayTests;
			packageProductDependencies = (
			);
			productName = ofthedayTests;
			productReference = C9D7E0E72D31CB0F00240663 /* ofthedayTests.xctest */;
			productType = "com.apple.product-type.bundle.unit-test";
		};
		C9D7E0F02D31CB0F00240663 /* ofthedayUITests */ = {
			isa = PBXNativeTarget;
			buildConfigurationList = C9D7E1012D31CB0F00240663 /* Build configuration list for PBXNativeTarget "ofthedayUITests" */;
			buildPhases = (
				C9D7E0ED2D31CB0F00240663 /* Sources */,
				C9D7E0EE2D31CB0F00240663 /* Frameworks */,
				C9D7E0EF2D31CB0F00240663 /* Resources */,
			);
			buildRules = (
			);
			dependencies = (
				C9D7E0F32D31CB0F00240663 /* PBXTargetDependency */,
			);
			fileSystemSynchronizedGroups = (
				C9D7E0F42D31CB0F00240663 /* ofthedayUITests */,
			);
			name = ofthedayUITests;
			packageProductDependencies = (
			);
			productName = ofthedayUITests;
			productReference = C9D7E0F12D31CB0F00240663 /* ofthedayUITests.xctest */;
			productType = "com.apple.product-type.bundle.ui-testing";
		};
/* End PBXNativeTarget section */

/* Begin PBXProject section */
		C9D7E0CF2D31CB0E00240663 /* Project object */ = {
			isa = PBXProject;
			attributes = {
				BuildIndependentTargetsInParallel = 1;
				LastSwiftUpdateCheck = 1620;
				LastUpgradeCheck = 1620;
				TargetAttributes = {
					C9D7E0D62D31CB0E00240663 = {
						CreatedOnToolsVersion = 16.2;
					};
					C9D7E0E62D31CB0F00240663 = {
						CreatedOnToolsVersion = 16.2;
						TestTargetID = C9D7E0D62D31CB0E00240663;
					};
					C9D7E0F02D31CB0F00240663 = {
						CreatedOnToolsVersion = 16.2;
						TestTargetID = C9D7E0D62D31CB0E00240663;
					};
				};
			};
			buildConfigurationList = C9D7E0D22D31CB0E00240663 /* Build configuration list for PBXProject "oftheday" */;
			developmentRegion = en;
			hasScannedForEncodings = 0;
			knownRegions = (
				en,
				Base,
			);
			mainGroup = C9D7E0CE2D31CB0E00240663;
			minimizedProjectReferenceProxies = 1;
			preferredProjectObjectVersion = 77;
			productRefGroup = C9D7E0D82D31CB0E00240663 /* Products */;
			projectDirPath = "";
			projectRoot = "";
			targets = (
				C9D7E0D62D31CB0E00240663 /* oftheday */,
				C9D7E0E62D31CB0F00240663 /* ofthedayTests */,
				C9D7E0F02D31CB0F00240663 /* ofthedayUITests */,
			);
		};
/* End PBXProject section */

/* Begin PBXResourcesBuildPhase section */
		C9D7E0D52D31CB0E00240663 /* Resources */ = {
			isa = PBXResourcesBuildPhase;
			buildActionMask = 2147483647;
			files = (
			);
			runOnlyForDeploymentPostprocessing = 0;
		};
		C9D7E0E52D31CB0F00240663 /* Resources */ = {
			isa = PBXResourcesBuildPhase;
			buildActionMask = 2147483647;
			files = (
			);
			runOnlyForDeploymentPostprocessing = 0;
		};
		C9D7E0EF2D31CB0F00240663 /* Resources */ = {
			isa = PBXResourcesBuildPhase;
			buildActionMask = 2147483647;
			files = (
			);
			runOnlyForDeploymentPostprocessing = 0;
		};
/* End PBXResourcesBuildPhase section */

/* Begin PBXSourcesBuildPhase section */
		C9D7E0D32D31CB0E00240663 /* Sources */ = {
			isa = PBXSourcesBuildPhase;
			buildActionMask = 2147483647;
			files = (
			);
			runOnlyForDeploymentPostprocessing = 0;
		};
		C9D7E0E32D31CB0F00240663 /* Sources */ = {
			isa = PBXSourcesBuildPhase;
			buildActionMask = 2147483647;
			files = (
			);
			runOnlyForDeploymentPostprocessing = 0;
		};
		C9D7E0ED2D31CB0F00240663 /* Sources */ = {
			isa = PBXSourcesBuildPhase;
			buildActionMask = 2147483647;
			files = (
			);
			runOnlyForDeploymentPostprocessing = 0;
		};
/* End PBXSourcesBuildPhase section */

/* Begin PBXTargetDependency section */
		C9D7E0E92D31CB0F00240663 /* PBXTargetDependency */ = {
			isa = PBXTargetDependency;
			target = C9D7E0D62D31CB0E00240663 /* oftheday */;
			targetProxy = C9D7E0E82D31CB0F00240663 /* PBXContainerItemProxy */;
		};
		C9D7E0F32D31CB0F00240663 /* PBXTargetDependency */ = {
			isa = PBXTargetDependency;
			target = C9D7E0D62D31CB0E00240663 /* oftheday */;
			targetProxy = C9D7E0F22D31CB0F00240663 /* PBXContainerItemProxy */;
		};
/* End PBXTargetDependency section */

/* Begin XCBuildConfiguration section */
		C9D7E0F92D31CB0F00240663 /* Debug */ = {
			isa = XCBuildConfiguration;
			buildSettings = {
				ALWAYS_SEARCH_USER_PATHS = NO;
				ASSETCATALOG_COMPILER_GENERATE_SWIFT_ASSET_SYMBOL_EXTENSIONS = YES;
				CLANG_ANALYZER_NONNULL = YES;
				CLANG_ANALYZER_NUMBER_OBJECT_CONVERSION = YES_AGGRESSIVE;
				CLANG_CXX_LANGUAGE_STANDARD = "gnu++20";
				CLANG_ENABLE_MODULES = YES;
				CLANG_ENABLE_OBJC_ARC = YES;
				CLANG_ENABLE_OBJC_WEAK = YES;
				CLANG_WARN_BLOCK_CAPTURE_AUTORELEASING = YES;
				CLANG_WARN_BOOL_CONVERSION = YES;
				CLANG_WARN_COMMA = YES;
				CLANG_WARN_CONSTANT_CONVERSION = YES;
				CLANG_WARN_DEPRECATED_OBJC_IMPLEMENTATIONS = YES;
				CLANG_WARN_DIRECT_OBJC_ISA_USAGE = YES_ERROR;
				CLANG_WARN_DOCUMENTATION_COMMENTS = YES;
				CLANG_WARN_EMPTY_BODY = YES;
				CLANG_WARN_ENUM_CONVERSION = YES;
				CLANG_WARN_INFINITE_RECURSION = YES;
				CLANG_WARN_INT_CONVERSION = YES;
				CLANG_WARN_NON_LITERAL_NULL_CONVERSION = YES;
				CLANG_WARN_OBJC_IMPLICIT_RETAIN_SELF = YES;
				CLANG_WARN_OBJC_LITERAL_CONVERSION = YES;
				CLANG_WARN_OBJC_ROOT_CLASS = YES_ERROR;
				CLANG_WARN_QUOTED_INCLUDE_IN_FRAMEWORK_HEADER = YES;
				CLANG_WARN_RANGE_LOOP_ANALYSIS = YES;
				CLANG_WARN_STRICT_PROTOTYPES = YES;
				CLANG_WARN_SUSPICIOUS_MOVE = YES;
				CLANG_WARN_UNGUARDED_AVAILABILITY = YES_AGGRESSIVE;
				CLANG_WARN_UNREACHABLE_CODE = YES;
				CLANG_WARN__DUPLICATE_METHOD_MATCH = YES;
				COPY_PHASE_STRIP = NO;
				DEBUG_INFORMATION_FORMAT = dwarf;
				ENABLE_STRICT_OBJC_MSGSEND = YES;
				ENABLE_TESTABILITY = YES;
				ENABLE_USER_SCRIPT_SANDBOXING = YES;
				GCC_C_LANGUAGE_STANDARD = gnu17;
				GCC_DYNAMIC_NO_PIC = NO;
				GCC_NO_COMMON_BLOCKS = YES;
				GCC_OPTIMIZATION_LEVEL = 0;
				GCC_PREPROCESSOR_DEFINITIONS = (
					"DEBUG=1",
					"$(inherited)",
				);
				GCC_WARN_64_TO_32_BIT_CONVERSION = YES;
				GCC_WARN_ABOUT_RETURN_TYPE = YES_ERROR;
				GCC_WARN_UNDECLARED_SELECTOR = YES;
				GCC_WARN_UNINITIALIZED_AUTOS = YES_AGGRESSIVE;
				GCC_WARN_UNUSED_FUNCTION = YES;
				GCC_WARN_UNUSED_VARIABLE = YES;
				IPHONEOS_DEPLOYMENT_TARGET = 18.2;
				LOCALIZATION_PREFERS_STRING_CATALOGS = YES;
				MTL_ENABLE_DEBUG_INFO = INCLUDE_SOURCE;
				MTL_FAST_MATH = YES;
				ONLY_ACTIVE_ARCH = YES;
				SDKROOT = iphoneos;
				SWIFT_ACTIVE_COMPILATION_CONDITIONS = "DEBUG $(inherited)";
				SWIFT_OPTIMIZATION_LEVEL = "-Onone";
			};
			name = Debug;
		};
		C9D7E0FA2D31CB0F00240663 /* Release */ = {
			isa = XCBuildConfiguration;
			buildSettings = {
				ALWAYS_SEARCH_USER_PATHS = NO;
				ASSETCATALOG_COMPILER_GENERATE_SWIFT_ASSET_SYMBOL_EXTENSIONS = YES;
				CLANG_ANALYZER_NONNULL = YES;
				CLANG_ANALYZER_NUMBER_OBJECT_CONVERSION = YES_AGGRESSIVE;
				CLANG_CXX_LANGUAGE_STANDARD = "gnu++20";
				CLANG_ENABLE_MODULES = YES;
				CLANG_ENABLE_OBJC_ARC = YES;
				CLANG_ENABLE_OBJC_WEAK = YES;
				CLANG_WARN_BLOCK_CAPTURE_AUTORELEASING = YES;
				CLANG_WARN_BOOL_CONVERSION = YES;
				CLANG_WARN_COMMA = YES;
				CLANG_WARN_CONSTANT_CONVERSION = YES;
				CLANG_WARN_DEPRECATED_OBJC_IMPLEMENTATIONS = YES;
				CLANG_WARN_DIRECT_OBJC_ISA_USAGE = YES_ERROR;
				CLANG_WARN_DOCUMENTATION_COMMENTS = YES;
				CLANG_WARN_EMPTY_BODY = YES;
				CLANG_WARN_ENUM_CONVERSION = YES;
				CLANG_WARN_INFINITE_RECURSION = YES;
				CLANG_WARN_INT_CONVERSION = YES;
				CLANG_WARN_NON_LITERAL_NULL_CONVERSION = YES;
				CLANG_WARN_OBJC_IMPLICIT_RETAIN_SELF = YES;
				CLANG_WARN_OBJC_LITERAL_CONVERSION = YES;
				CLANG_WARN_OBJC_ROOT_CLASS = YES_ERROR;
				CLANG_WARN_QUOTED_INCLUDE_IN_FRAMEWORK_HEADER = YES;
				CLANG_WARN_RANGE_LOOP_ANALYSIS = YES;
				CLANG_WARN_STRICT_PROTOTYPES = YES;
				CLANG_WARN_SUSPICIOUS_MOVE = YES;
				CLANG_WARN_UNGUARDED_AVAILABILITY = YES_AGGRESSIVE;
				CLANG_WARN_UNREACHABLE_CODE = YES;
				CLANG_WARN__DUPLICATE_METHOD_MATCH = YES;
				COPY_PHASE_STRIP = NO;
				DEBUG_INFORMATION_FORMAT = "dwarf-with-dsym";
				ENABLE_NS_ASSERTIONS = NO;
				ENABLE_STRICT_OBJC_MSGSEND = YES;
				ENABLE_USER_SCRIPT_SANDBOXING = YES;
				GCC_C_LANGUAGE_STANDARD = gnu17;
				GCC_NO_COMMON_BLOCKS = YES;
				GCC_WARN_64_TO_32_BIT_CONVERSION = YES;
				GCC_WARN_ABOUT_RETURN_TYPE = YES_ERROR;
				GCC_WARN_UNDECLARED_SELECTOR = YES;
				GCC_WARN_UNINITIALIZED_AUTOS = YES_AGGRESSIVE;
				GCC_WARN_UNUSED_FUNCTION = YES;
				GCC_WARN_UNUSED_VARIABLE = YES;
				IPHONEOS_DEPLOYMENT_TARGET = 18.2;
				LOCALIZATION_PREFERS_STRING_CATALOGS = YES;
				MTL_ENABLE_DEBUG_INFO = NO;
				MTL_FAST_MATH = YES;
				SDKROOT = iphoneos;
				SWIFT_COMPILATION_MODE = wholemodule;
				VALIDATE_PRODUCT = YES;
			};
			name = Release;
		};
		C9D7E0FC2D31CB0F00240663 /* Debug */ = {
			isa = XCBuildConfiguration;
			buildSettings = {
				ASSETCATALOG_COMPILER_APPICON_NAME = AppIcon;
				ASSETCATALOG_COMPILER_GLOBAL_ACCENT_COLOR_NAME = AccentColor;
				CODE_SIGN_STYLE = Automatic;
				CURRENT_PROJECT_VERSION = 1;
				DEVELOPMENT_ASSET_PATHS = "\"oftheday/Preview Content\"";
				DEVELOPMENT_TEAM = LJ7VZ83YZC;
				ENABLE_PREVIEWS = YES;
				GENERATE_INFOPLIST_FILE = YES;
				INFOPLIST_FILE = oftheday/Info.plist;
				INFOPLIST_KEY_UIApplicationSceneManifest_Generation = YES;
				INFOPLIST_KEY_UIApplicationSupportsIndirectInputEvents = YES;
				INFOPLIST_KEY_UILaunchScreen_Generation = YES;
				INFOPLIST_KEY_UISupportedInterfaceOrientations_iPad = "UIInterfaceOrientationPortrait UIInterfaceOrientationPortraitUpsideDown UIInterfaceOrientationLandscapeLeft UIInterfaceOrientationLandscapeRight";
				INFOPLIST_KEY_UISupportedInterfaceOrientations_iPhone = "UIInterfaceOrientationPortrait UIInterfaceOrientationLandscapeLeft UIInterfaceOrientationLandscapeRight";
				LD_RUNPATH_SEARCH_PATHS = (
					"$(inherited)",
					"@executable_path/Frameworks",
				);
				MARKETING_VERSION = 1.0;
				PRODUCT_BUNDLE_IDENTIFIER = com.kai.oftheday;
				PRODUCT_NAME = "$(TARGET_NAME)";
				SWIFT_EMIT_LOC_STRINGS = YES;
				SWIFT_VERSION = 5.0;
				TARGETED_DEVICE_FAMILY = "1,2";
			};
			name = Debug;
		};
		C9D7E0FD2D31CB0F00240663 /* Release */ = {
			isa = XCBuildConfiguration;
			buildSettings = {
				ASSETCATALOG_COMPILER_APPICON_NAME = AppIcon;
				ASSETCATALOG_COMPILER_GLOBAL_ACCENT_COLOR_NAME = AccentColor;
				CODE_SIGN_STYLE = Automatic;
				CURRENT_PROJECT_VERSION = 1;
				DEVELOPMENT_ASSET_PATHS = "\"oftheday/Preview Content\"";
				DEVELOPMENT_TEAM = LJ7VZ83YZC;
				ENABLE_PREVIEWS = YES;
				GENERATE_INFOPLIST_FILE = YES;
				INFOPLIST_FILE = oftheday/Info.plist;
				INFOPLIST_KEY_UIApplicationSceneManifest_Generation = YES;
				INFOPLIST_KEY_UIApplicationSupportsIndirectInputEvents = YES;
				INFOPLIST_KEY_UILaunchScreen_Generation = YES;
				INFOPLIST_KEY_UISupportedInterfaceOrientations_iPad = "UIInterfaceOrientationPortrait UIInterfaceOrientationPortraitUpsideDown UIInterfaceOrientationLandscapeLeft UIInterfaceOrientationLandscapeRight";
				INFOPLIST_KEY_UISupportedInterfaceOrientations_iPhone = "UIInterfaceOrientationPortrait UIInterfaceOrientationLandscapeLeft UIInterfaceOrientationLandscapeRight";
				LD_RUNPATH_SEARCH_PATHS = (
					"$(inherited)",
					"@executable_path/Frameworks",
				);
				MARKETING_VERSION = 1.0;
				PRODUCT_BUNDLE_IDENTIFIER = com.kai.oftheday;
				PRODUCT_NAME = "$(TARGET_NAME)";
				SWIFT_EMIT_LOC_STRINGS = YES;
				SWIFT_VERSION = 5.0;
				TARGETED_DEVICE_FAMILY = "1,2";
			};
			name = Release;
		};
		C9D7E0FF2D31CB0F00240663 /* Debug */ = {
			isa = XCBuildConfiguration;
			buildSettings = {
				BUNDLE_LOADER = "$(TEST_HOST)";
				CODE_SIGN_STYLE = Automatic;
				CURRENT_PROJECT_VERSION = 1;
				DEVELOPMENT_TEAM = LJ7VZ83YZC;
				GENERATE_INFOPLIST_FILE = YES;
				IPHONEOS_DEPLOYMENT_TARGET = 18.2;
				MARKETING_VERSION = 1.0;
				PRODUCT_BUNDLE_IDENTIFIER = com.kai.ofthedayTests;
				PRODUCT_NAME = "$(TARGET_NAME)";
				SWIFT_EMIT_LOC_STRINGS = NO;
				SWIFT_VERSION = 5.0;
				TARGETED_DEVICE_FAMILY = "1,2";
				TEST_HOST = "$(BUILT_PRODUCTS_DIR)/oftheday.app/$(BUNDLE_EXECUTABLE_FOLDER_PATH)/oftheday";
			};
			name = Debug;
		};
		C9D7E1002D31CB0F00240663 /* Release */ = {
			isa = XCBuildConfiguration;
			buildSettings = {
				BUNDLE_LOADER = "$(TEST_HOST)";
				CODE_SIGN_STYLE = Automatic;
				CURRENT_PROJECT_VERSION = 1;
				DEVELOPMENT_TEAM = LJ7VZ83YZC;
				GENERATE_INFOPLIST_FILE = YES;
				IPHONEOS_DEPLOYMENT_TARGET = 18.2;
				MARKETING_VERSION = 1.0;
				PRODUCT_BUNDLE_IDENTIFIER = com.kai.ofthedayTests;
				PRODUCT_NAME = "$(TARGET_NAME)";
				SWIFT_EMIT_LOC_STRINGS = NO;
				SWIFT_VERSION = 5.0;
				TARGETED_DEVICE_FAMILY = "1,2";
				TEST_HOST = "$(BUILT_PRODUCTS_DIR)/oftheday.app/$(BUNDLE_EXECUTABLE_FOLDER_PATH)/oftheday";
			};
			name = Release;
		};
		C9D7E1022D31CB0F00240663 /* Debug */ = {
			isa = XCBuildConfiguration;
			buildSettings = {
				CODE_SIGN_STYLE = Automatic;
				CURRENT_PROJECT_VERSION = 1;
				DEVELOPMENT_TEAM = LJ7VZ83YZC;
				GENERATE_INFOPLIST_FILE = YES;
				MARKETING_VERSION = 1.0;
				PRODUCT_BUNDLE_IDENTIFIER = com.kai.ofthedayUITests;
				PRODUCT_NAME = "$(TARGET_NAME)";
				SWIFT_EMIT_LOC_STRINGS = NO;
				SWIFT_VERSION = 5.0;
				TARGETED_DEVICE_FAMILY = "1,2";
				TEST_TARGET_NAME = oftheday;
			};
			name = Debug;
		};
		C9D7E1032D31CB0F00240663 /* Release */ = {
			isa = XCBuildConfiguration;
			buildSettings = {
				CODE_SIGN_STYLE = Automatic;
				CURRENT_PROJECT_VERSION = 1;
				DEVELOPMENT_TEAM = LJ7VZ83YZC;
				GENERATE_INFOPLIST_FILE = YES;
				MARKETING_VERSION = 1.0;
				PRODUCT_BUNDLE_IDENTIFIER = com.kai.ofthedayUITests;
				PRODUCT_NAME = "$(TARGET_NAME)";
				SWIFT_EMIT_LOC_STRINGS = NO;
				SWIFT_VERSION = 5.0;
				TARGETED_DEVICE_FAMILY = "1,2";
				TEST_TARGET_NAME = oftheday;
			};
			name = Release;
		};
/* End XCBuildConfiguration section */

/* Begin XCConfigurationList section */
		C9D7E0D22D31CB0E00240663 /* Build configuration list for PBXProject "oftheday" */ = {
			isa = XCConfigurationList;
			buildConfigurations = (
				C9D7E0F92D31CB0F00240663 /* Debug */,
				C9D7E0FA2D31CB0F00240663 /* Release */,
			);
			defaultConfigurationIsVisible = 0;
			defaultConfigurationName = Release;
		};
		C9D7E0FB2D31CB0F00240663 /* Build configuration list for PBXNativeTarget "oftheday" */ = {
			isa = XCConfigurationList;
			buildConfigurations = (
				C9D7E0FC2D31CB0F00240663 /* Debug */,
				C9D7E0FD2D31CB0F00240663 /* Release */,
			);
			defaultConfigurationIsVisible = 0;
			defaultConfigurationName = Release;
		};
		C9D7E0FE2D31CB0F00240663 /* Build configuration list for PBXNativeTarget "ofthedayTests" */ = {
			isa = XCConfigurationList;
			buildConfigurations = (
				C9D7E0FF2D31CB0F00240663 /* Debug */,
				C9D7E1002D31CB0F00240663 /* Release */,
			);
			defaultConfigurationIsVisible = 0;
			defaultConfigurationName = Release;
		};
		C9D7E1012D31CB0F00240663 /* Build configuration list for PBXNativeTarget "ofthedayUITests" */ = {
			isa = XCConfigurationList;
			buildConfigurations = (
				C9D7E1022D31CB0F00240663 /* Debug */,
				C9D7E1032D31CB0F00240663 /* Release */,
			);
			defaultConfigurationIsVisible = 0;
			defaultConfigurationName = Release;
		};
/* End XCConfigurationList section */
	};
	rootObject = C9D7E0CF2D31CB0E00240663 /* Project object */;
}
